// !$*UTF8*$!
{
	archiveVersion = 1;
	classes = {
	};
	objectVersion = 50;
	objects = {

/* Begin PBXBuildFile section */
		2C14B0CC2505438E00D7F120 /* JPEGCodec.h in Headers */ = {isa = PBXBuildFile; fileRef = 2C14B0C22505438D00D7F120 /* JPEGCodec.h */; };
		2C14B0CF250543E700D7F120 /* JPEGDecode.c in Sources */ = {isa = PBXBuildFile; fileRef = 2C14B0CD250543E700D7F120 /* JPEGDecode.c */; };
		2C14B0D0250543E700D7F120 /* JPEGEncode.c in Sources */ = {isa = PBXBuildFile; fileRef = 2C14B0CE250543E700D7F120 /* JPEGEncode.c */; };
		2C14B0D22505D61500D7F120 /* Huffman.h in Headers */ = {isa = PBXBuildFile; fileRef = 2C14B0D12505D61500D7F120 /* Huffman.h */; };
		2C14B0F42506127F00D7F120 /* Test_JPEGDecode.c in Sources */ = {isa = PBXBuildFile; fileRef = 2C14B0F32506127F00D7F120 /* Test_JPEGDecode.c */; };
		2C14B0F625062D6C00D7F120 /* FLACEncode.c in Sources */ = {isa = PBXBuildFile; fileRef = 2C14B0F525062D6C00D7F120 /* FLACEncode.c */; };
		2C14B0F825062DE100D7F120 /* FLACDecode.c in Sources */ = {isa = PBXBuildFile; fileRef = 2C14B0F725062DE100D7F120 /* FLACDecode.c */; };
		2C14B0FA25062E6300D7F120 /* FLACCodec.h in Headers */ = {isa = PBXBuildFile; fileRef = 2C14B0F925062E6300D7F120 /* FLACCodec.h */; };
		2C14B0FC250630B700D7F120 /* OVIA_Version.h in Headers */ = {isa = PBXBuildFile; fileRef = 2C14B0FB250630B700D7F120 /* OVIA_Version.h */; };
		2C18FFC625023A4100AC4F78 /* PNGDecode.c in Sources */ = {isa = PBXBuildFile; fileRef = 2C18FFC525023A4100AC4F78 /* PNGDecode.c */; };
		2C18FFC825023A4500AC4F78 /* PNGEncode.c in Sources */ = {isa = PBXBuildFile; fileRef = 2C18FFC725023A4500AC4F78 /* PNGEncode.c */; };
		2C18FFCA25023BEB00AC4F78 /* PNGCodec.c in Sources */ = {isa = PBXBuildFile; fileRef = 2C18FFC925023BEB00AC4F78 /* PNGCodec.c */; };
		2C18FFCC25023C5300AC4F78 /* PNGCodec.h in Headers */ = {isa = PBXBuildFile; fileRef = 2C18FFCB25023C5300AC4F78 /* PNGCodec.h */; };
		2C18FFD0250256A300AC4F78 /* OVIA.dylib in Frameworks */ = {isa = PBXBuildFile; fileRef = 2C4D5F8F24C3ACC700AAAB77 /* OVIA.dylib */; };
		2C18FFD3250256AD00AC4F78 /* OVIA.dylib in Frameworks */ = {isa = PBXBuildFile; fileRef = 2C4D5F8F24C3ACC700AAAB77 /* OVIA.dylib */; };
		2C18FFD6250256B500AC4F78 /* OVIA.dylib in Frameworks */ = {isa = PBXBuildFile; fileRef = 2C4D5F8F24C3ACC700AAAB77 /* OVIA.dylib */; };
		2C18FFD9250256BB00AC4F78 /* OVIA.dylib in Frameworks */ = {isa = PBXBuildFile; fileRef = 2C4D5F8F24C3ACC700AAAB77 /* OVIA.dylib */; };
		2C18FFDC250256C200AC4F78 /* OVIA.dylib in Frameworks */ = {isa = PBXBuildFile; fileRef = 2C4D5F8F24C3ACC700AAAB77 /* OVIA.dylib */; };
		2C18FFDF250256C900AC4F78 /* OVIA.dylib in Frameworks */ = {isa = PBXBuildFile; fileRef = 2C4D5F8F24C3ACC700AAAB77 /* OVIA.dylib */; };
		2C18FFE3250256F700AC4F78 /* FoundationIO.dylib in Frameworks */ = {isa = PBXBuildFile; fileRef = 2C4D5FA424C3ACEB00AAAB77 /* FoundationIO.dylib */; };
		2C18FFE62502570600AC4F78 /* FoundationIO.dylib in Frameworks */ = {isa = PBXBuildFile; fileRef = 2C4D5FA424C3ACEB00AAAB77 /* FoundationIO.dylib */; };
		2C18FFE92502571000AC4F78 /* FoundationIO.dylib in Frameworks */ = {isa = PBXBuildFile; fileRef = 2C4D5FA424C3ACEB00AAAB77 /* FoundationIO.dylib */; };
		2C18FFEC2502571B00AC4F78 /* FoundationIO.dylib in Frameworks */ = {isa = PBXBuildFile; fileRef = 2C4D5FA424C3ACEB00AAAB77 /* FoundationIO.dylib */; };
		2C18FFEF2502572500AC4F78 /* FoundationIO.dylib in Frameworks */ = {isa = PBXBuildFile; fileRef = 2C4D5FA424C3ACEB00AAAB77 /* FoundationIO.dylib */; };
		2C18FFF22502572D00AC4F78 /* FoundationIO.dylib in Frameworks */ = {isa = PBXBuildFile; fileRef = 2C4D5FA424C3ACEB00AAAB77 /* FoundationIO.dylib */; };
		2C4CDE8424C3F9280085725E /* ID3Tags.h in Headers */ = {isa = PBXBuildFile; fileRef = 2C4CDE8324C3F9280085725E /* ID3Tags.h */; };
		2C4D5FB824C3AD0100AAAB77 /* FoundationIO.dylib in Frameworks */ = {isa = PBXBuildFile; fileRef = 2C4D5FA424C3ACEB00AAAB77 /* FoundationIO.dylib */; };
		2C4D5FC324C3ADBE00AAAB77 /* CodecIO.h in Headers */ = {isa = PBXBuildFile; fileRef = 2C4D5FC224C3ADBE00AAAB77 /* CodecIO.h */; };
		2C4D5FC524C3ADD600AAAB77 /* EntropyIO.h in Headers */ = {isa = PBXBuildFile; fileRef = 2C4D5FC424C3ADD600AAAB77 /* EntropyIO.h */; };
		2C4D5FCA24C3ADF100AAAB77 /* StreamIO.h in Headers */ = {isa = PBXBuildFile; fileRef = 2C4D5FC724C3ADF100AAAB77 /* StreamIO.h */; };
		2C4D5FCB24C3ADF100AAAB77 /* AIFStream.h in Headers */ = {isa = PBXBuildFile; fileRef = 2C4D5FC824C3ADF100AAAB77 /* AIFStream.h */; };
		2C4D5FCF24C3ADFE00AAAB77 /* AIFTags.h in Headers */ = {isa = PBXBuildFile; fileRef = 2C4D5FCC24C3ADFE00AAAB77 /* AIFTags.h */; };
		2C4D5FD024C3ADFE00AAAB77 /* WAVTags.h in Headers */ = {isa = PBXBuildFile; fileRef = 2C4D5FCD24C3ADFE00AAAB77 /* WAVTags.h */; };
		2C4D5FD124C3ADFE00AAAB77 /* TagIO.h in Headers */ = {isa = PBXBuildFile; fileRef = 2C4D5FCE24C3ADFE00AAAB77 /* TagIO.h */; };
		2C4D5FD324C3AE0D00AAAB77 /* TransformIO.h in Headers */ = {isa = PBXBuildFile; fileRef = 2C4D5FD224C3AE0D00AAAB77 /* TransformIO.h */; };
		2C4D5FD524C3AE1A00AAAB77 /* MediaIO.h in Headers */ = {isa = PBXBuildFile; fileRef = 2C4D5FD424C3AE1A00AAAB77 /* MediaIO.h */; };
		2C4D5FD724C3AE2B00AAAB77 /* OVIA.h in Headers */ = {isa = PBXBuildFile; fileRef = 2C4D5FD624C3AE2B00AAAB77 /* OVIA.h */; };
		2C4D5FFF24C3AEA200AAAB77 /* TagIO.c in Sources */ = {isa = PBXBuildFile; fileRef = 2C4D5FF924C3AEA200AAAB77 /* TagIO.c */; };
		2C4D600524C3AEB300AAAB77 /* RCT.c in Sources */ = {isa = PBXBuildFile; fileRef = 2C4D600324C3AEB300AAAB77 /* RCT.c */; };
		2C4D600624C3AEB400AAAB77 /* YCoCgR.c in Sources */ = {isa = PBXBuildFile; fileRef = 2C4D600424C3AEB300AAAB77 /* YCoCgR.c */; };
		2C4D600924C3AECA00AAAB77 /* OVIA.c in Sources */ = {isa = PBXBuildFile; fileRef = 2C4D600724C3AECA00AAAB77 /* OVIA.c */; };
		2C4D600A24C3AECA00AAAB77 /* MediaIO.c in Sources */ = {isa = PBXBuildFile; fileRef = 2C4D600824C3AECA00AAAB77 /* MediaIO.c */; };
		2C57A97C24E61FDD00C9A2FB /* ID3Tags.c in Sources */ = {isa = PBXBuildFile; fileRef = 2C57A97624E61FDD00C9A2FB /* ID3Tags.c */; };
		2C57A97E24E61FDD00C9A2FB /* AIFTags.c in Sources */ = {isa = PBXBuildFile; fileRef = 2C57A97824E61FDD00C9A2FB /* AIFTags.c */; };
		2C57A97F24E61FDD00C9A2FB /* APETags.c in Sources */ = {isa = PBXBuildFile; fileRef = 2C57A97924E61FDD00C9A2FB /* APETags.c */; };
		2C57A98624E6200800C9A2FB /* BMPStream.c in Sources */ = {isa = PBXBuildFile; fileRef = 2C57A98124E6200800C9A2FB /* BMPStream.c */; };
		2C57A98724E6200800C9A2FB /* RIFFStream.c in Sources */ = {isa = PBXBuildFile; fileRef = 2C57A98224E6200800C9A2FB /* RIFFStream.c */; };
		2C57A98824E6200800C9A2FB /* W64Stream.c in Sources */ = {isa = PBXBuildFile; fileRef = 2C57A98324E6200800C9A2FB /* W64Stream.c */; };
		2C57A98924E6200800C9A2FB /* AIFStream.c in Sources */ = {isa = PBXBuildFile; fileRef = 2C57A98424E6200800C9A2FB /* AIFStream.c */; };
		2C57A98A24E6200800C9A2FB /* PNMStream.c in Sources */ = {isa = PBXBuildFile; fileRef = 2C57A98524E6200800C9A2FB /* PNMStream.c */; };
		2C57A98F24E6202200C9A2FB /* ArthimeticEntropy.c in Sources */ = {isa = PBXBuildFile; fileRef = 2C57A98B24E6202200C9A2FB /* ArthimeticEntropy.c */; };
		2C57A99024E6202200C9A2FB /* HuffmanEntropy.c in Sources */ = {isa = PBXBuildFile; fileRef = 2C57A98C24E6202200C9A2FB /* HuffmanEntropy.c */; };
		2C57A99124E6202200C9A2FB /* EntropyIO.c in Sources */ = {isa = PBXBuildFile; fileRef = 2C57A98D24E6202200C9A2FB /* EntropyIO.c */; };
		2C57A99224E6202200C9A2FB /* FlateEntropy.c in Sources */ = {isa = PBXBuildFile; fileRef = 2C57A98E24E6202200C9A2FB /* FlateEntropy.c */; };
		2C57A99824E6204800C9A2FB /* FLACCodec.c in Sources */ = {isa = PBXBuildFile; fileRef = 2C57A99424E6204800C9A2FB /* FLACCodec.c */; };
		2C57A99924E6204800C9A2FB /* JPEGCodec.c in Sources */ = {isa = PBXBuildFile; fileRef = 2C57A99524E6204800C9A2FB /* JPEGCodec.c */; };
		2C57A99A24E6204800C9A2FB /* PCMCodec.c in Sources */ = {isa = PBXBuildFile; fileRef = 2C57A99624E6204800C9A2FB /* PCMCodec.c */; };
		2C6C75D124D94919009368B4 /* RIFFStream.h in Headers */ = {isa = PBXBuildFile; fileRef = 2C6C75D024D94919009368B4 /* RIFFStream.h */; };
		2C6C75D324DA6C02009368B4 /* W64Stream.h in Headers */ = {isa = PBXBuildFile; fileRef = 2C6C75D224DA6C02009368B4 /* W64Stream.h */; };
		2CA4C55524EF9529007803FD /* Test_EntropyIO.c in Sources */ = {isa = PBXBuildFile; fileRef = 2CA4C51024EF94A0007803FD /* Test_EntropyIO.c */; };
		2CA4C55624EF952F007803FD /* Test_OVIA.c in Sources */ = {isa = PBXBuildFile; fileRef = 2CA4C51124EF94A0007803FD /* Test_OVIA.c */; };
		2CA4C55724EF9532007803FD /* Test_TransformIO.c in Sources */ = {isa = PBXBuildFile; fileRef = 2CA4C50F24EF94A0007803FD /* Test_TransformIO.c */; };
		2CA4C55824EF9535007803FD /* Test_TagIO.c in Sources */ = {isa = PBXBuildFile; fileRef = 2CA4C50E24EF94A0007803FD /* Test_TagIO.c */; };
		2CA4C55924EF9538007803FD /* Test_StreamIO.c in Sources */ = {isa = PBXBuildFile; fileRef = 2CA4C50C24EF94A0007803FD /* Test_StreamIO.c */; };
		2CB1D72224E5132700861A8C /* APETags.h in Headers */ = {isa = PBXBuildFile; fileRef = 2CB1D71924E5132700861A8C /* APETags.h */; };
/* End PBXBuildFile section */

/* Begin PBXContainerItemProxy section */
		2C18FFCD2502569F00AC4F78 /* PBXContainerItemProxy */ = {
			isa = PBXContainerItemProxy;
			containerPortal = 2C4D5F8724C3ACC700AAAB77 /* Project object */;
			proxyType = 1;
			remoteGlobalIDString = 2C4D5F8E24C3ACC700AAAB77;
			remoteInfo = OVIA;
		};
		2C18FFD1250256AA00AC4F78 /* PBXContainerItemProxy */ = {
			isa = PBXContainerItemProxy;
			containerPortal = 2C4D5F8724C3ACC700AAAB77 /* Project object */;
			proxyType = 1;
			remoteGlobalIDString = 2C4D5F8E24C3ACC700AAAB77;
			remoteInfo = OVIA;
		};
		2C18FFD4250256B200AC4F78 /* PBXContainerItemProxy */ = {
			isa = PBXContainerItemProxy;
			containerPortal = 2C4D5F8724C3ACC700AAAB77 /* Project object */;
			proxyType = 1;
			remoteGlobalIDString = 2C4D5F8E24C3ACC700AAAB77;
			remoteInfo = OVIA;
		};
		2C18FFD7250256B800AC4F78 /* PBXContainerItemProxy */ = {
			isa = PBXContainerItemProxy;
			containerPortal = 2C4D5F8724C3ACC700AAAB77 /* Project object */;
			proxyType = 1;
			remoteGlobalIDString = 2C4D5F8E24C3ACC700AAAB77;
			remoteInfo = OVIA;
		};
		2C18FFDA250256BF00AC4F78 /* PBXContainerItemProxy */ = {
			isa = PBXContainerItemProxy;
			containerPortal = 2C4D5F8724C3ACC700AAAB77 /* Project object */;
			proxyType = 1;
			remoteGlobalIDString = 2C4D5F8E24C3ACC700AAAB77;
			remoteInfo = OVIA;
		};
		2C18FFDD250256C600AC4F78 /* PBXContainerItemProxy */ = {
			isa = PBXContainerItemProxy;
			containerPortal = 2C4D5F8724C3ACC700AAAB77 /* Project object */;
			proxyType = 1;
			remoteGlobalIDString = 2C4D5F8E24C3ACC700AAAB77;
			remoteInfo = OVIA;
		};
		2C18FFE0250256F300AC4F78 /* PBXContainerItemProxy */ = {
			isa = PBXContainerItemProxy;
			containerPortal = 2C4D5F9724C3ACEB00AAAB77 /* FoundationIO.xcodeproj */;
			proxyType = 1;
			remoteGlobalIDString = 2CC71D78232B5EC8006DA1B8;
			remoteInfo = FoundationIO;
		};
		2C18FFE42502570100AC4F78 /* PBXContainerItemProxy */ = {
			isa = PBXContainerItemProxy;
			containerPortal = 2C4D5F9724C3ACEB00AAAB77 /* FoundationIO.xcodeproj */;
			proxyType = 1;
			remoteGlobalIDString = 2CC71D78232B5EC8006DA1B8;
			remoteInfo = FoundationIO;
		};
		2C18FFE72502570B00AC4F78 /* PBXContainerItemProxy */ = {
			isa = PBXContainerItemProxy;
			containerPortal = 2C4D5F9724C3ACEB00AAAB77 /* FoundationIO.xcodeproj */;
			proxyType = 1;
			remoteGlobalIDString = 2CC71D78232B5EC8006DA1B8;
			remoteInfo = FoundationIO;
		};
		2C18FFEA2502571700AC4F78 /* PBXContainerItemProxy */ = {
			isa = PBXContainerItemProxy;
			containerPortal = 2C4D5F9724C3ACEB00AAAB77 /* FoundationIO.xcodeproj */;
			proxyType = 1;
			remoteGlobalIDString = 2CC71D78232B5EC8006DA1B8;
			remoteInfo = FoundationIO;
		};
		2C18FFED2502572100AC4F78 /* PBXContainerItemProxy */ = {
			isa = PBXContainerItemProxy;
			containerPortal = 2C4D5F9724C3ACEB00AAAB77 /* FoundationIO.xcodeproj */;
			proxyType = 1;
			remoteGlobalIDString = 2CC71D78232B5EC8006DA1B8;
			remoteInfo = FoundationIO;
		};
		2C18FFF02502572A00AC4F78 /* PBXContainerItemProxy */ = {
			isa = PBXContainerItemProxy;
			containerPortal = 2C4D5F9724C3ACEB00AAAB77 /* FoundationIO.xcodeproj */;
			proxyType = 1;
			remoteGlobalIDString = 2CC71D78232B5EC8006DA1B8;
			remoteInfo = FoundationIO;
		};
		2C4D5FA324C3ACEB00AAAB77 /* PBXContainerItemProxy */ = {
			isa = PBXContainerItemProxy;
			containerPortal = 2C4D5F9724C3ACEB00AAAB77 /* FoundationIO.xcodeproj */;
			proxyType = 2;
			remoteGlobalIDString = 2CC71D79232B5EC8006DA1B8;
			remoteInfo = FoundationIO;
		};
		2C4D5FA524C3ACEB00AAAB77 /* PBXContainerItemProxy */ = {
			isa = PBXContainerItemProxy;
			containerPortal = 2C4D5F9724C3ACEB00AAAB77 /* FoundationIO.xcodeproj */;
			proxyType = 2;
			remoteGlobalIDString = 2CC71DBF232B5FD9006DA1B8;
			remoteInfo = Test_BufferIO;
		};
		2C4D5FA724C3ACEB00AAAB77 /* PBXContainerItemProxy */ = {
			isa = PBXContainerItemProxy;
			containerPortal = 2C4D5F9724C3ACEB00AAAB77 /* FoundationIO.xcodeproj */;
			proxyType = 2;
			remoteGlobalIDString = 2CC71DCB232B5FF4006DA1B8;
			remoteInfo = Test_CommandLineIO;
		};
		2C4D5FA924C3ACEB00AAAB77 /* PBXContainerItemProxy */ = {
			isa = PBXContainerItemProxy;
			containerPortal = 2C4D5F9724C3ACEB00AAAB77 /* FoundationIO.xcodeproj */;
			proxyType = 2;
			remoteGlobalIDString = 2CC71DE1232B6009006DA1B8;
			remoteInfo = Test_CryptographyIO;
		};
		2C4D5FAB24C3ACEB00AAAB77 /* PBXContainerItemProxy */ = {
			isa = PBXContainerItemProxy;
			containerPortal = 2C4D5F9724C3ACEB00AAAB77 /* FoundationIO.xcodeproj */;
			proxyType = 2;
			remoteGlobalIDString = 2CC71DEC232B6013006DA1B8;
			remoteInfo = Test_MathIO;
		};
		2C4D5FAD24C3ACEB00AAAB77 /* PBXContainerItemProxy */ = {
			isa = PBXContainerItemProxy;
			containerPortal = 2C4D5F9724C3ACEB00AAAB77 /* FoundationIO.xcodeproj */;
			proxyType = 2;
			remoteGlobalIDString = 2CC71DF7232B601B006DA1B8;
			remoteInfo = Test_StringIO;
		};
		2C4D5FAF24C3ACEB00AAAB77 /* PBXContainerItemProxy */ = {
			isa = PBXContainerItemProxy;
			containerPortal = 2C4D5F9724C3ACEB00AAAB77 /* FoundationIO.xcodeproj */;
			proxyType = 2;
			remoteGlobalIDString = 2C88501124BCB48600DAD7ED;
			remoteInfo = Test_FileIO;
		};
		2C4D5FB124C3ACEB00AAAB77 /* PBXContainerItemProxy */ = {
			isa = PBXContainerItemProxy;
			containerPortal = 2C4D5F9724C3ACEB00AAAB77 /* FoundationIO.xcodeproj */;
			proxyType = 2;
			remoteGlobalIDString = 2C88501C24BCB49F00DAD7ED;
			remoteInfo = Test_NetworkIO;
		};
		2C4D5FB324C3ACEB00AAAB77 /* PBXContainerItemProxy */ = {
			isa = PBXContainerItemProxy;
			containerPortal = 2C4D5F9724C3ACEB00AAAB77 /* FoundationIO.xcodeproj */;
			proxyType = 2;
			remoteGlobalIDString = 2C88502924BCB6AD00DAD7ED;
			remoteInfo = Test_FormatIO;
		};
		2C4D5FB524C3ACFA00AAAB77 /* PBXContainerItemProxy */ = {
			isa = PBXContainerItemProxy;
			containerPortal = 2C4D5F9724C3ACEB00AAAB77 /* FoundationIO.xcodeproj */;
			proxyType = 1;
			remoteGlobalIDString = 2CC71D78232B5EC8006DA1B8;
			remoteInfo = FoundationIO;
		};
		2CA4C50A24EF9482007803FD /* PBXContainerItemProxy */ = {
			isa = PBXContainerItemProxy;
			containerPortal = 2C4D5F9724C3ACEB00AAAB77 /* FoundationIO.xcodeproj */;
			proxyType = 2;
			remoteGlobalIDString = 2C73A31824EE614D006E480E;
			remoteInfo = Test_LocalizationIO;
		};
/* End PBXContainerItemProxy section */

/* Begin PBXCopyFilesBuildPhase section */
		2CA4C51424EF94B3007803FD /* CopyFiles */ = {
			isa = PBXCopyFilesBuildPhase;
			buildActionMask = 2147483647;
			dstPath = /usr/share/man/man1/;
			dstSubfolderSpec = 0;
			files = (
			);
			runOnlyForDeploymentPostprocessing = 1;
		};
		2CA4C51F24EF94C9007803FD /* CopyFiles */ = {
			isa = PBXCopyFilesBuildPhase;
			buildActionMask = 2147483647;
			dstPath = /usr/share/man/man1/;
			dstSubfolderSpec = 0;
			files = (
			);
			runOnlyForDeploymentPostprocessing = 1;
		};
		2CA4C52A24EF94DA007803FD /* CopyFiles */ = {
			isa = PBXCopyFilesBuildPhase;
			buildActionMask = 2147483647;
			dstPath = /usr/share/man/man1/;
			dstSubfolderSpec = 0;
			files = (
			);
			runOnlyForDeploymentPostprocessing = 1;
		};
		2CA4C53524EF94EA007803FD /* CopyFiles */ = {
			isa = PBXCopyFilesBuildPhase;
			buildActionMask = 2147483647;
			dstPath = /usr/share/man/man1/;
			dstSubfolderSpec = 0;
			files = (
			);
			runOnlyForDeploymentPostprocessing = 1;
		};
		2CA4C54024EF94F9007803FD /* CopyFiles */ = {
			isa = PBXCopyFilesBuildPhase;
			buildActionMask = 2147483647;
			dstPath = /usr/share/man/man1/;
			dstSubfolderSpec = 0;
			files = (
			);
			runOnlyForDeploymentPostprocessing = 1;
		};
		2CA4C54B24EF9508007803FD /* CopyFiles */ = {
			isa = PBXCopyFilesBuildPhase;
			buildActionMask = 2147483647;
			dstPath = /usr/share/man/man1/;
			dstSubfolderSpec = 0;
			files = (
			);
			runOnlyForDeploymentPostprocessing = 1;
		};
/* End PBXCopyFilesBuildPhase section */

/* Begin PBXFileReference section */
		2C14B0C22505438D00D7F120 /* JPEGCodec.h */ = {isa = PBXFileReference; fileEncoding = 4; lastKnownFileType = sourcecode.c.h; lineEnding = 0; name = JPEGCodec.h; path = ../Library/include/Private/CodecIO/JPEGCodec.h; sourceTree = "<group>"; };
		2C14B0CD250543E700D7F120 /* JPEGDecode.c */ = {isa = PBXFileReference; fileEncoding = 4; lastKnownFileType = sourcecode.c.c; name = JPEGDecode.c; path = ../Library/src/CodecIO/JPEGDecode.c; sourceTree = "<group>"; };
		2C14B0CE250543E700D7F120 /* JPEGEncode.c */ = {isa = PBXFileReference; fileEncoding = 4; lastKnownFileType = sourcecode.c.c; name = JPEGEncode.c; path = ../Library/src/CodecIO/JPEGEncode.c; sourceTree = "<group>"; };
		2C14B0D12505D61500D7F120 /* Huffman.h */ = {isa = PBXFileReference; lastKnownFileType = sourcecode.c.h; name = Huffman.h; path = ../Library/include/Private/EntropyIO/Huffman.h; sourceTree = "<group>"; };
		2C14B0F32506127F00D7F120 /* Test_JPEGDecode.c */ = {isa = PBXFileReference; lastKnownFileType = sourcecode.c.c; name = Test_JPEGDecode.c; path = ../../Tests/Test_CodecIO/Test_JPEGDecode.c; sourceTree = "<group>"; };
		2C14B0F525062D6C00D7F120 /* FLACEncode.c */ = {isa = PBXFileReference; lastKnownFileType = sourcecode.c.c; name = FLACEncode.c; path = ../Library/src/CodecIO/FLACEncode.c; sourceTree = "<group>"; };
		2C14B0F725062DE100D7F120 /* FLACDecode.c */ = {isa = PBXFileReference; lastKnownFileType = sourcecode.c.c; name = FLACDecode.c; path = ../Library/src/CodecIO/FLACDecode.c; sourceTree = "<group>"; };
		2C14B0F925062E6300D7F120 /* FLACCodec.h */ = {isa = PBXFileReference; lastKnownFileType = sourcecode.c.h; name = FLACCodec.h; path = ../Library/include/Private/CodecIO/FLACCodec.h; sourceTree = "<group>"; };
		2C14B0FB250630B700D7F120 /* OVIA_Version.h */ = {isa = PBXFileReference; fileEncoding = 4; lastKnownFileType = sourcecode.c.h; name = OVIA_Version.h; path = ../Library/include/Private/OVIA_Version.h; sourceTree = "<group>"; };
		2C18FFC525023A4100AC4F78 /* PNGDecode.c */ = {isa = PBXFileReference; fileEncoding = 4; lastKnownFileType = sourcecode.c.c; lineEnding = 0; name = PNGDecode.c; path = ../Library/src/CodecIO/PNGDecode.c; sourceTree = "<group>"; };
		2C18FFC725023A4500AC4F78 /* PNGEncode.c */ = {isa = PBXFileReference; fileEncoding = 4; lastKnownFileType = sourcecode.c.c; lineEnding = 0; name = PNGEncode.c; path = ../Library/src/CodecIO/PNGEncode.c; sourceTree = "<group>"; };
		2C18FFC925023BEB00AC4F78 /* PNGCodec.c */ = {isa = PBXFileReference; fileEncoding = 4; lastKnownFileType = sourcecode.c.c; lineEnding = 0; name = PNGCodec.c; path = ../Library/src/CodecIO/PNGCodec.c; sourceTree = "<group>"; };
		2C18FFCB25023C5300AC4F78 /* PNGCodec.h */ = {isa = PBXFileReference; lastKnownFileType = sourcecode.c.h; name = PNGCodec.h; path = ../Library/include/Private/CodecIO/PNGCodec.h; sourceTree = "<group>"; };
		2C4CDE8324C3F9280085725E /* ID3Tags.h */ = {isa = PBXFileReference; fileEncoding = 4; lastKnownFileType = sourcecode.c.h; lineEnding = 0; name = ID3Tags.h; path = ../Library/include/Private/TagIO/ID3Tags.h; sourceTree = "<group>"; };
		2C4D5F8F24C3ACC700AAAB77 /* OVIA.dylib */ = {isa = PBXFileReference; explicitFileType = "compiled.mach-o.dylib"; includeInIndex = 0; path = OVIA.dylib; sourceTree = BUILT_PRODUCTS_DIR; };
		2C4D5F9724C3ACEB00AAAB77 /* FoundationIO.xcodeproj */ = {isa = PBXFileReference; lastKnownFileType = "wrapper.pb-project"; name = FoundationIO.xcodeproj; path = ../Dependencies/FoundationIO/Projects/FoundationIO.xcodeproj; sourceTree = "<group>"; };
		2C4D5FC224C3ADBE00AAAB77 /* CodecIO.h */ = {isa = PBXFileReference; fileEncoding = 4; lastKnownFileType = sourcecode.c.h; lineEnding = 0; name = CodecIO.h; path = ../Library/include/Private/CodecIO/CodecIO.h; sourceTree = "<group>"; };
		2C4D5FC424C3ADD600AAAB77 /* EntropyIO.h */ = {isa = PBXFileReference; fileEncoding = 4; lastKnownFileType = sourcecode.c.h; lineEnding = 0; name = EntropyIO.h; path = ../Library/include/Private/EntropyIO/EntropyIO.h; sourceTree = "<group>"; };
		2C4D5FC724C3ADF100AAAB77 /* StreamIO.h */ = {isa = PBXFileReference; fileEncoding = 4; lastKnownFileType = sourcecode.c.h; lineEnding = 0; name = StreamIO.h; path = ../Library/include/Private/StreamIO/StreamIO.h; sourceTree = "<group>"; };
		2C4D5FC824C3ADF100AAAB77 /* AIFStream.h */ = {isa = PBXFileReference; fileEncoding = 4; lastKnownFileType = sourcecode.c.h; lineEnding = 0; name = AIFStream.h; path = ../Library/include/Private/StreamIO/AIFStream.h; sourceTree = "<group>"; };
		2C4D5FCC24C3ADFE00AAAB77 /* AIFTags.h */ = {isa = PBXFileReference; fileEncoding = 4; lastKnownFileType = sourcecode.c.h; lineEnding = 0; name = AIFTags.h; path = ../Library/include/Private/TagIO/AIFTags.h; sourceTree = "<group>"; };
		2C4D5FCD24C3ADFE00AAAB77 /* WAVTags.h */ = {isa = PBXFileReference; fileEncoding = 4; lastKnownFileType = sourcecode.c.h; lineEnding = 0; name = WAVTags.h; path = ../Library/include/Private/TagIO/WAVTags.h; sourceTree = "<group>"; };
		2C4D5FCE24C3ADFE00AAAB77 /* TagIO.h */ = {isa = PBXFileReference; fileEncoding = 4; lastKnownFileType = sourcecode.c.h; lineEnding = 0; name = TagIO.h; path = ../Library/include/Private/TagIO/TagIO.h; sourceTree = "<group>"; };
		2C4D5FD224C3AE0D00AAAB77 /* TransformIO.h */ = {isa = PBXFileReference; fileEncoding = 4; lastKnownFileType = sourcecode.c.h; lineEnding = 0; name = TransformIO.h; path = ../Library/include/Private/TransformIO/TransformIO.h; sourceTree = "<group>"; };
		2C4D5FD424C3AE1A00AAAB77 /* MediaIO.h */ = {isa = PBXFileReference; fileEncoding = 4; lastKnownFileType = sourcecode.c.h; lineEnding = 0; name = MediaIO.h; path = ../Library/include/Private/MediaIO.h; sourceTree = "<group>"; };
		2C4D5FD624C3AE2B00AAAB77 /* OVIA.h */ = {isa = PBXFileReference; fileEncoding = 4; lastKnownFileType = sourcecode.c.h; lineEnding = 0; name = OVIA.h; path = ../Library/include/OVIA.h; sourceTree = "<group>"; };
		2C4D5FF824C3AEA200AAAB77 /* AIFTags.c */ = {isa = PBXFileReference; fileEncoding = 4; lastKnownFileType = sourcecode.c.c; lineEnding = 0; name = AIFTags.c; path = ../Library/src/TagIO/AIFTags.c; sourceTree = "<group>"; };
		2C4D5FF924C3AEA200AAAB77 /* TagIO.c */ = {isa = PBXFileReference; fileEncoding = 4; lastKnownFileType = sourcecode.c.c; lineEnding = 0; name = TagIO.c; path = ../Library/src/TagIO/TagIO.c; sourceTree = "<group>"; };
		2C4D600324C3AEB300AAAB77 /* RCT.c */ = {isa = PBXFileReference; fileEncoding = 4; lastKnownFileType = sourcecode.c.c; lineEnding = 0; name = RCT.c; path = ../Library/src/TransformIO/RCT.c; sourceTree = "<group>"; };
		2C4D600424C3AEB300AAAB77 /* YCoCgR.c */ = {isa = PBXFileReference; fileEncoding = 4; lastKnownFileType = sourcecode.c.c; lineEnding = 0; name = YCoCgR.c; path = ../Library/src/TransformIO/YCoCgR.c; sourceTree = "<group>"; };
		2C4D600724C3AECA00AAAB77 /* OVIA.c */ = {isa = PBXFileReference; fileEncoding = 4; lastKnownFileType = sourcecode.c.c; lineEnding = 0; name = OVIA.c; path = ../Library/src/OVIA.c; sourceTree = "<group>"; };
		2C4D600824C3AECA00AAAB77 /* MediaIO.c */ = {isa = PBXFileReference; fileEncoding = 4; lastKnownFileType = sourcecode.c.c; lineEnding = 0; name = MediaIO.c; path = ../Library/src/MediaIO.c; sourceTree = "<group>"; };
		2C57A97624E61FDD00C9A2FB /* ID3Tags.c */ = {isa = PBXFileReference; fileEncoding = 4; lastKnownFileType = sourcecode.c.c; lineEnding = 0; name = ID3Tags.c; path = ../Library/src/TagIO/ID3Tags.c; sourceTree = "<group>"; };
		2C57A97824E61FDD00C9A2FB /* AIFTags.c */ = {isa = PBXFileReference; fileEncoding = 4; lastKnownFileType = sourcecode.c.c; lineEnding = 0; name = AIFTags.c; path = ../Library/src/TagIO/AIFTags.c; sourceTree = "<group>"; };
		2C57A97924E61FDD00C9A2FB /* APETags.c */ = {isa = PBXFileReference; fileEncoding = 4; lastKnownFileType = sourcecode.c.c; lineEnding = 0; name = APETags.c; path = ../Library/src/TagIO/APETags.c; sourceTree = "<group>"; };
		2C57A98124E6200800C9A2FB /* BMPStream.c */ = {isa = PBXFileReference; fileEncoding = 4; lastKnownFileType = sourcecode.c.c; lineEnding = 0; name = BMPStream.c; path = ../Library/src/StreamIO/BMPStream.c; sourceTree = "<group>"; };
		2C57A98224E6200800C9A2FB /* RIFFStream.c */ = {isa = PBXFileReference; fileEncoding = 4; lastKnownFileType = sourcecode.c.c; lineEnding = 0; name = RIFFStream.c; path = ../Library/src/StreamIO/RIFFStream.c; sourceTree = "<group>"; };
		2C57A98324E6200800C9A2FB /* W64Stream.c */ = {isa = PBXFileReference; fileEncoding = 4; lastKnownFileType = sourcecode.c.c; lineEnding = 0; name = W64Stream.c; path = ../Library/src/StreamIO/W64Stream.c; sourceTree = "<group>"; };
		2C57A98424E6200800C9A2FB /* AIFStream.c */ = {isa = PBXFileReference; fileEncoding = 4; lastKnownFileType = sourcecode.c.c; lineEnding = 0; name = AIFStream.c; path = ../Library/src/StreamIO/AIFStream.c; sourceTree = "<group>"; };
		2C57A98524E6200800C9A2FB /* PNMStream.c */ = {isa = PBXFileReference; fileEncoding = 4; lastKnownFileType = sourcecode.c.c; lineEnding = 0; name = PNMStream.c; path = ../Library/src/StreamIO/PNMStream.c; sourceTree = "<group>"; };
		2C57A98B24E6202200C9A2FB /* ArthimeticEntropy.c */ = {isa = PBXFileReference; fileEncoding = 4; lastKnownFileType = sourcecode.c.c; lineEnding = 0; name = ArthimeticEntropy.c; path = ../Library/src/EntropyIO/ArthimeticEntropy.c; sourceTree = "<group>"; };
		2C57A98C24E6202200C9A2FB /* HuffmanEntropy.c */ = {isa = PBXFileReference; fileEncoding = 4; lastKnownFileType = sourcecode.c.c; lineEnding = 0; name = HuffmanEntropy.c; path = ../Library/src/EntropyIO/HuffmanEntropy.c; sourceTree = "<group>"; };
		2C57A98D24E6202200C9A2FB /* EntropyIO.c */ = {isa = PBXFileReference; fileEncoding = 4; lastKnownFileType = sourcecode.c.c; lineEnding = 0; name = EntropyIO.c; path = ../Library/src/EntropyIO/EntropyIO.c; sourceTree = "<group>"; };
		2C57A98E24E6202200C9A2FB /* FlateEntropy.c */ = {isa = PBXFileReference; fileEncoding = 4; lastKnownFileType = sourcecode.c.c; lineEnding = 0; name = FlateEntropy.c; path = ../Library/src/EntropyIO/FlateEntropy.c; sourceTree = "<group>"; };
		2C57A99424E6204800C9A2FB /* FLACCodec.c */ = {isa = PBXFileReference; fileEncoding = 4; lastKnownFileType = sourcecode.c.c; lineEnding = 0; name = FLACCodec.c; path = ../Library/src/CodecIO/FLACCodec.c; sourceTree = "<group>"; };
		2C57A99524E6204800C9A2FB /* JPEGCodec.c */ = {isa = PBXFileReference; fileEncoding = 4; lastKnownFileType = sourcecode.c.c; lineEnding = 0; name = JPEGCodec.c; path = ../Library/src/CodecIO/JPEGCodec.c; sourceTree = "<group>"; };
		2C57A99624E6204800C9A2FB /* PCMCodec.c */ = {isa = PBXFileReference; fileEncoding = 4; lastKnownFileType = sourcecode.c.c; lineEnding = 0; name = PCMCodec.c; path = ../Library/src/CodecIO/PCMCodec.c; sourceTree = "<group>"; };
		2C6C75D024D94919009368B4 /* RIFFStream.h */ = {isa = PBXFileReference; fileEncoding = 4; lastKnownFileType = sourcecode.c.h; lineEnding = 0; name = RIFFStream.h; path = ../Library/include/Private/StreamIO/RIFFStream.h; sourceTree = "<group>"; };
		2C6C75D224DA6C02009368B4 /* W64Stream.h */ = {isa = PBXFileReference; lastKnownFileType = sourcecode.c.h; name = W64Stream.h; path = ../Library/include/Private/StreamIO/W64Stream.h; sourceTree = "<group>"; };
		2CA4C50C24EF94A0007803FD /* Test_StreamIO.c */ = {isa = PBXFileReference; fileEncoding = 4; lastKnownFileType = sourcecode.c.c; lineEnding = 0; name = Test_StreamIO.c; path = ../Tests/Test_StreamIO.c; sourceTree = "<group>"; };
		2CA4C50D24EF94A0007803FD /* Test_CodecIO.c */ = {isa = PBXFileReference; fileEncoding = 4; lastKnownFileType = sourcecode.c.c; lineEnding = 0; name = Test_CodecIO.c; path = ../Tests/Test_CodecIO.c; sourceTree = "<group>"; };
		2CA4C50E24EF94A0007803FD /* Test_TagIO.c */ = {isa = PBXFileReference; fileEncoding = 4; lastKnownFileType = sourcecode.c.c; lineEnding = 0; name = Test_TagIO.c; path = ../Tests/Test_TagIO.c; sourceTree = "<group>"; };
		2CA4C50F24EF94A0007803FD /* Test_TransformIO.c */ = {isa = PBXFileReference; fileEncoding = 4; lastKnownFileType = sourcecode.c.c; lineEnding = 0; name = Test_TransformIO.c; path = ../Tests/Test_TransformIO.c; sourceTree = "<group>"; };
		2CA4C51024EF94A0007803FD /* Test_EntropyIO.c */ = {isa = PBXFileReference; fileEncoding = 4; lastKnownFileType = sourcecode.c.c; lineEnding = 0; name = Test_EntropyIO.c; path = ../Tests/Test_EntropyIO.c; sourceTree = "<group>"; };
		2CA4C51124EF94A0007803FD /* Test_OVIA.c */ = {isa = PBXFileReference; fileEncoding = 4; lastKnownFileType = sourcecode.c.c; lineEnding = 0; name = Test_OVIA.c; path = ../Tests/Test_OVIA.c; sourceTree = "<group>"; };
		2CA4C51624EF94B3007803FD /* Test_CodecIO */ = {isa = PBXFileReference; explicitFileType = "compiled.mach-o.executable"; includeInIndex = 0; path = Test_CodecIO; sourceTree = BUILT_PRODUCTS_DIR; };
		2CA4C52124EF94C9007803FD /* Test_EntropyIO */ = {isa = PBXFileReference; explicitFileType = "compiled.mach-o.executable"; includeInIndex = 0; path = Test_EntropyIO; sourceTree = BUILT_PRODUCTS_DIR; };
		2CA4C52C24EF94DA007803FD /* Test_StreamIO */ = {isa = PBXFileReference; explicitFileType = "compiled.mach-o.executable"; includeInIndex = 0; path = Test_StreamIO; sourceTree = BUILT_PRODUCTS_DIR; };
		2CA4C53724EF94EA007803FD /* Test_TagIO */ = {isa = PBXFileReference; explicitFileType = "compiled.mach-o.executable"; includeInIndex = 0; path = Test_TagIO; sourceTree = BUILT_PRODUCTS_DIR; };
		2CA4C54224EF94F9007803FD /* Test_TransformIO */ = {isa = PBXFileReference; explicitFileType = "compiled.mach-o.executable"; includeInIndex = 0; path = Test_TransformIO; sourceTree = BUILT_PRODUCTS_DIR; };
		2CA4C54D24EF9508007803FD /* Test_OVIA */ = {isa = PBXFileReference; explicitFileType = "compiled.mach-o.executable"; includeInIndex = 0; path = Test_OVIA; sourceTree = BUILT_PRODUCTS_DIR; };
		2CB1D71924E5132700861A8C /* APETags.h */ = {isa = PBXFileReference; fileEncoding = 4; lastKnownFileType = sourcecode.c.h; name = APETags.h; path = ../Library/include/Private/TagIO/APETags.h; sourceTree = "<group>"; };
/* End PBXFileReference section */

/* Begin PBXFrameworksBuildPhase section */
		2C4D5F8D24C3ACC700AAAB77 /* Frameworks */ = {
			isa = PBXFrameworksBuildPhase;
			buildActionMask = 2147483647;
			files = (
				2C4D5FB824C3AD0100AAAB77 /* FoundationIO.dylib in Frameworks */,
			);
			runOnlyForDeploymentPostprocessing = 0;
		};
		2CA4C51324EF94B3007803FD /* Frameworks */ = {
			isa = PBXFrameworksBuildPhase;
			buildActionMask = 2147483647;
			files = (
				2C18FFE3250256F700AC4F78 /* FoundationIO.dylib in Frameworks */,
				2C18FFD0250256A300AC4F78 /* OVIA.dylib in Frameworks */,
			);
			runOnlyForDeploymentPostprocessing = 0;
		};
		2CA4C51E24EF94C9007803FD /* Frameworks */ = {
			isa = PBXFrameworksBuildPhase;
			buildActionMask = 2147483647;
			files = (
				2C18FFE62502570600AC4F78 /* FoundationIO.dylib in Frameworks */,
				2C18FFD3250256AD00AC4F78 /* OVIA.dylib in Frameworks */,
			);
			runOnlyForDeploymentPostprocessing = 0;
		};
		2CA4C52924EF94DA007803FD /* Frameworks */ = {
			isa = PBXFrameworksBuildPhase;
			buildActionMask = 2147483647;
			files = (
				2C18FFE92502571000AC4F78 /* FoundationIO.dylib in Frameworks */,
				2C18FFD6250256B500AC4F78 /* OVIA.dylib in Frameworks */,
			);
			runOnlyForDeploymentPostprocessing = 0;
		};
		2CA4C53424EF94EA007803FD /* Frameworks */ = {
			isa = PBXFrameworksBuildPhase;
			buildActionMask = 2147483647;
			files = (
				2C18FFEC2502571B00AC4F78 /* FoundationIO.dylib in Frameworks */,
				2C18FFD9250256BB00AC4F78 /* OVIA.dylib in Frameworks */,
			);
			runOnlyForDeploymentPostprocessing = 0;
		};
		2CA4C53F24EF94F9007803FD /* Frameworks */ = {
			isa = PBXFrameworksBuildPhase;
			buildActionMask = 2147483647;
			files = (
				2C18FFEF2502572500AC4F78 /* FoundationIO.dylib in Frameworks */,
				2C18FFDC250256C200AC4F78 /* OVIA.dylib in Frameworks */,
			);
			runOnlyForDeploymentPostprocessing = 0;
		};
		2CA4C54A24EF9508007803FD /* Frameworks */ = {
			isa = PBXFrameworksBuildPhase;
			buildActionMask = 2147483647;
			files = (
				2C18FFF22502572D00AC4F78 /* FoundationIO.dylib in Frameworks */,
				2C18FFDF250256C900AC4F78 /* OVIA.dylib in Frameworks */,
			);
			runOnlyForDeploymentPostprocessing = 0;
		};
/* End PBXFrameworksBuildPhase section */

/* Begin PBXGroup section */
		2C14B0F22506123700D7F120 /* Test_CodecIO */ = {
			isa = PBXGroup;
			children = (
				2C14B0F32506127F00D7F120 /* Test_JPEGDecode.c */,
			);
			path = Test_CodecIO;
			sourceTree = "<group>";
		};
		2C4D5F8624C3ACC700AAAB77 = {
			isa = PBXGroup;
			children = (
				2C4D5F9624C3ACDA00AAAB77 /* Dependencies */,
				2C4D5FB924C3AD0E00AAAB77 /* Library */,
				2CA4C50024EF9482007803FD /* Tests */,
				2C4D5F9024C3ACC700AAAB77 /* Products */,
			);
			sourceTree = "<group>";
		};
		2C4D5F9024C3ACC700AAAB77 /* Products */ = {
			isa = PBXGroup;
			children = (
				2C4D5F8F24C3ACC700AAAB77 /* OVIA.dylib */,
				2CA4C51624EF94B3007803FD /* Test_CodecIO */,
				2CA4C52124EF94C9007803FD /* Test_EntropyIO */,
				2CA4C52C24EF94DA007803FD /* Test_StreamIO */,
				2CA4C53724EF94EA007803FD /* Test_TagIO */,
				2CA4C54224EF94F9007803FD /* Test_TransformIO */,
				2CA4C54D24EF9508007803FD /* Test_OVIA */,
			);
			name = Products;
			sourceTree = "<group>";
		};
		2C4D5F9624C3ACDA00AAAB77 /* Dependencies */ = {
			isa = PBXGroup;
			children = (
				2C4D5F9724C3ACEB00AAAB77 /* FoundationIO.xcodeproj */,
			);
			name = Dependencies;
			sourceTree = "<group>";
		};
		2C4D5F9824C3ACEB00AAAB77 /* Products */ = {
			isa = PBXGroup;
			children = (
				2C4D5FA424C3ACEB00AAAB77 /* FoundationIO.dylib */,
				2C4D5FA624C3ACEB00AAAB77 /* Test_BufferIO */,
				2C4D5FA824C3ACEB00AAAB77 /* Test_CommandLineIO */,
				2C4D5FAA24C3ACEB00AAAB77 /* Test_CryptographyIO */,
				2C4D5FAC24C3ACEB00AAAB77 /* Test_MathIO */,
				2C4D5FAE24C3ACEB00AAAB77 /* Test_StringIO */,
				2C4D5FB024C3ACEB00AAAB77 /* Test_FileIO */,
				2C4D5FB224C3ACEB00AAAB77 /* Test_NetworkIO */,
				2C4D5FB424C3ACEB00AAAB77 /* Test_FormatIO */,
				2CA4C50B24EF9482007803FD /* Test_LocalizationIO */,
			);
			name = Products;
			sourceTree = "<group>";
		};
		2C4D5FB924C3AD0E00AAAB77 /* Library */ = {
			isa = PBXGroup;
			children = (
				2C4D5FBB24C3AD6900AAAB77 /* Headers */,
				2C4D5FBA24C3AD6300AAAB77 /* Source */,
			);
			name = Library;
			sourceTree = "<group>";
		};
		2C4D5FBA24C3AD6300AAAB77 /* Source */ = {
			isa = PBXGroup;
			children = (
				2C4D600724C3AECA00AAAB77 /* OVIA.c */,
				2C4D600824C3AECA00AAAB77 /* MediaIO.c */,
				2C4D5FDC24C3AE6600AAAB77 /* CodecIO */,
				2C4D5FDB24C3AE5A00AAAB77 /* EntropyIO */,
				2C4D5FDA24C3AE5000AAAB77 /* StreamIO */,
				2C4D5FD924C3AE4B00AAAB77 /* TagIO */,
				2C4D5FD824C3AE3F00AAAB77 /* TransformIO */,
			);
			name = Source;
			sourceTree = "<group>";
		};
		2C4D5FBB24C3AD6900AAAB77 /* Headers */ = {
			isa = PBXGroup;
			children = (
				2C4D5FD624C3AE2B00AAAB77 /* OVIA.h */,
				2C4D5FBC24C3AD7400AAAB77 /* Private */,
			);
			name = Headers;
			sourceTree = "<group>";
		};
		2C4D5FBC24C3AD7400AAAB77 /* Private */ = {
			isa = PBXGroup;
			children = (
				2C14B0FB250630B700D7F120 /* OVIA_Version.h */,
				2C4D5FD424C3AE1A00AAAB77 /* MediaIO.h */,
				2C4D5FC124C3ADB300AAAB77 /* CodecIO */,
				2C4D5FC024C3ADA900AAAB77 /* EntropyIO */,
				2C4D5FBF24C3AD9E00AAAB77 /* StreamIO */,
				2C4D5FBE24C3AD9600AAAB77 /* TagIO */,
				2C4D5FBD24C3AD8900AAAB77 /* TransformIO */,
			);
			name = Private;
			sourceTree = "<group>";
		};
		2C4D5FBD24C3AD8900AAAB77 /* TransformIO */ = {
			isa = PBXGroup;
			children = (
				2C4D5FD224C3AE0D00AAAB77 /* TransformIO.h */,
			);
			name = TransformIO;
			sourceTree = "<group>";
		};
		2C4D5FBE24C3AD9600AAAB77 /* TagIO */ = {
			isa = PBXGroup;
			children = (
				2C4D5FCE24C3ADFE00AAAB77 /* TagIO.h */,
				2C4D5FCC24C3ADFE00AAAB77 /* AIFTags.h */,
				2CB1D71924E5132700861A8C /* APETags.h */,
				2C4D5FCD24C3ADFE00AAAB77 /* WAVTags.h */,
				2C4CDE8324C3F9280085725E /* ID3Tags.h */,
			);
			name = TagIO;
			sourceTree = "<group>";
		};
		2C4D5FBF24C3AD9E00AAAB77 /* StreamIO */ = {
			isa = PBXGroup;
			children = (
				2C4D5FC724C3ADF100AAAB77 /* StreamIO.h */,
				2C4D5FC824C3ADF100AAAB77 /* AIFStream.h */,
				2C6C75D024D94919009368B4 /* RIFFStream.h */,
				2C6C75D224DA6C02009368B4 /* W64Stream.h */,
			);
			name = StreamIO;
			sourceTree = "<group>";
		};
		2C4D5FC024C3ADA900AAAB77 /* EntropyIO */ = {
			isa = PBXGroup;
			children = (
				2C4D5FC424C3ADD600AAAB77 /* EntropyIO.h */,
				2C14B0D12505D61500D7F120 /* Huffman.h */,
			);
			name = EntropyIO;
			sourceTree = "<group>";
		};
		2C4D5FC124C3ADB300AAAB77 /* CodecIO */ = {
			isa = PBXGroup;
			children = (
				2C4D5FC224C3ADBE00AAAB77 /* CodecIO.h */,
				2C18FFCB25023C5300AC4F78 /* PNGCodec.h */,
				2C14B0C22505438D00D7F120 /* JPEGCodec.h */,
				2C14B0F925062E6300D7F120 /* FLACCodec.h */,
			);
			name = CodecIO;
			sourceTree = "<group>";
		};
		2C4D5FD824C3AE3F00AAAB77 /* TransformIO */ = {
			isa = PBXGroup;
			children = (
				2C4D600324C3AEB300AAAB77 /* RCT.c */,
				2C4D600424C3AEB300AAAB77 /* YCoCgR.c */,
			);
			name = TransformIO;
			sourceTree = "<group>";
		};
		2C4D5FD924C3AE4B00AAAB77 /* TagIO */ = {
			isa = PBXGroup;
			children = (
				2C4D5FF924C3AEA200AAAB77 /* TagIO.c */,
				2C57A97824E61FDD00C9A2FB /* AIFTags.c */,
				2C57A97924E61FDD00C9A2FB /* APETags.c */,
				2C57A97624E61FDD00C9A2FB /* ID3Tags.c */,
				2C4D5FF824C3AEA200AAAB77 /* AIFTags.c */,
			);
			name = TagIO;
			sourceTree = "<group>";
		};
		2C4D5FDA24C3AE5000AAAB77 /* StreamIO */ = {
			isa = PBXGroup;
			children = (
				2C57A98424E6200800C9A2FB /* AIFStream.c */,
				2C57A98124E6200800C9A2FB /* BMPStream.c */,
				2C57A98524E6200800C9A2FB /* PNMStream.c */,
				2C57A98224E6200800C9A2FB /* RIFFStream.c */,
				2C57A98324E6200800C9A2FB /* W64Stream.c */,
			);
			name = StreamIO;
			sourceTree = "<group>";
		};
		2C4D5FDB24C3AE5A00AAAB77 /* EntropyIO */ = {
			isa = PBXGroup;
			children = (
				2C57A98D24E6202200C9A2FB /* EntropyIO.c */,
				2C57A98B24E6202200C9A2FB /* ArthimeticEntropy.c */,
				2C57A98E24E6202200C9A2FB /* FlateEntropy.c */,
				2C57A98C24E6202200C9A2FB /* HuffmanEntropy.c */,
			);
			name = EntropyIO;
			sourceTree = "<group>";
		};
		2C4D5FDC24C3AE6600AAAB77 /* CodecIO */ = {
			isa = PBXGroup;
			children = (
				2C18FFC925023BEB00AC4F78 /* PNGCodec.c */,
				2C18FFC525023A4100AC4F78 /* PNGDecode.c */,
				2C18FFC725023A4500AC4F78 /* PNGEncode.c */,
				2C57A99424E6204800C9A2FB /* FLACCodec.c */,
				2C14B0F725062DE100D7F120 /* FLACDecode.c */,
				2C14B0F525062D6C00D7F120 /* FLACEncode.c */,
				2C57A99524E6204800C9A2FB /* JPEGCodec.c */,
				2C14B0CD250543E700D7F120 /* JPEGDecode.c */,
				2C14B0CE250543E700D7F120 /* JPEGEncode.c */,
				2C57A99624E6204800C9A2FB /* PCMCodec.c */,
			);
			name = CodecIO;
			sourceTree = "<group>";
		};
		2CA4C50024EF9482007803FD /* Tests */ = {
			isa = PBXGroup;
			children = (
				2C14B0F22506123700D7F120 /* Test_CodecIO */,
				2CA4C50D24EF94A0007803FD /* Test_CodecIO.c */,
				2CA4C51024EF94A0007803FD /* Test_EntropyIO.c */,
				2CA4C50C24EF94A0007803FD /* Test_StreamIO.c */,
				2CA4C50E24EF94A0007803FD /* Test_TagIO.c */,
				2CA4C50F24EF94A0007803FD /* Test_TransformIO.c */,
				2CA4C51124EF94A0007803FD /* Test_OVIA.c */,
			);
			name = Tests;
			sourceTree = "<group>";
		};
/* End PBXGroup section */

/* Begin PBXHeadersBuildPhase section */
		2C4D5F8B24C3ACC700AAAB77 /* Headers */ = {
			isa = PBXHeadersBuildPhase;
			buildActionMask = 2147483647;
			files = (
				2C4D5FCA24C3ADF100AAAB77 /* StreamIO.h in Headers */,
				2C4D5FD124C3ADFE00AAAB77 /* TagIO.h in Headers */,
				2C4D5FC524C3ADD600AAAB77 /* EntropyIO.h in Headers */,
				2C4D5FD524C3AE1A00AAAB77 /* MediaIO.h in Headers */,
				2C4D5FC324C3ADBE00AAAB77 /* CodecIO.h in Headers */,
				2C14B0FC250630B700D7F120 /* OVIA_Version.h in Headers */,
				2C14B0FA25062E6300D7F120 /* FLACCodec.h in Headers */,
				2C14B0CC2505438E00D7F120 /* JPEGCodec.h in Headers */,
				2C6C75D124D94919009368B4 /* RIFFStream.h in Headers */,
				2C4D5FCB24C3ADF100AAAB77 /* AIFStream.h in Headers */,
				2C4D5FCF24C3ADFE00AAAB77 /* AIFTags.h in Headers */,
				2C4D5FD724C3AE2B00AAAB77 /* OVIA.h in Headers */,
				2C14B0D22505D61500D7F120 /* Huffman.h in Headers */,
				2C4D5FD324C3AE0D00AAAB77 /* TransformIO.h in Headers */,
				2C4D5FD024C3ADFE00AAAB77 /* WAVTags.h in Headers */,
				2C4CDE8424C3F9280085725E /* ID3Tags.h in Headers */,
				2C18FFCC25023C5300AC4F78 /* PNGCodec.h in Headers */,
				2CB1D72224E5132700861A8C /* APETags.h in Headers */,
				2C6C75D324DA6C02009368B4 /* W64Stream.h in Headers */,
			);
			runOnlyForDeploymentPostprocessing = 0;
		};
/* End PBXHeadersBuildPhase section */

/* Begin PBXNativeTarget section */
		2C4D5F8E24C3ACC700AAAB77 /* OVIA */ = {
			isa = PBXNativeTarget;
			buildConfigurationList = 2C4D5F9324C3ACC700AAAB77 /* Build configuration list for PBXNativeTarget "OVIA" */;
			buildPhases = (
				2C4D5F8B24C3ACC700AAAB77 /* Headers */,
				2C4D5F8C24C3ACC700AAAB77 /* Sources */,
				2C4D5F8D24C3ACC700AAAB77 /* Frameworks */,
			);
			buildRules = (
			);
			dependencies = (
				2C4D5FB624C3ACFA00AAAB77 /* PBXTargetDependency */,
			);
			name = OVIA;
			productName = OVIA2;
			productReference = 2C4D5F8F24C3ACC700AAAB77 /* OVIA.dylib */;
			productType = "com.apple.product-type.library.dynamic";
		};
		2CA4C51524EF94B3007803FD /* Test_CodecIO */ = {
			isa = PBXNativeTarget;
			buildConfigurationList = 2CA4C51A24EF94B3007803FD /* Build configuration list for PBXNativeTarget "Test_CodecIO" */;
			buildPhases = (
				2CA4C51224EF94B3007803FD /* Sources */,
				2CA4C51324EF94B3007803FD /* Frameworks */,
				2CA4C51424EF94B3007803FD /* CopyFiles */,
			);
			buildRules = (
			);
			dependencies = (
				2C18FFE1250256F300AC4F78 /* PBXTargetDependency */,
				2C18FFCE2502569F00AC4F78 /* PBXTargetDependency */,
			);
			name = Test_CodecIO;
			productName = Test_CodecIO;
			productReference = 2CA4C51624EF94B3007803FD /* Test_CodecIO */;
			productType = "com.apple.product-type.tool";
		};
		2CA4C52024EF94C9007803FD /* Test_EntropyIO */ = {
			isa = PBXNativeTarget;
			buildConfigurationList = 2CA4C52524EF94C9007803FD /* Build configuration list for PBXNativeTarget "Test_EntropyIO" */;
			buildPhases = (
				2CA4C51D24EF94C9007803FD /* Sources */,
				2CA4C51E24EF94C9007803FD /* Frameworks */,
				2CA4C51F24EF94C9007803FD /* CopyFiles */,
			);
			buildRules = (
			);
			dependencies = (
				2C18FFE52502570100AC4F78 /* PBXTargetDependency */,
				2C18FFD2250256AA00AC4F78 /* PBXTargetDependency */,
			);
			name = Test_EntropyIO;
			productName = Test_EntropyIO;
			productReference = 2CA4C52124EF94C9007803FD /* Test_EntropyIO */;
			productType = "com.apple.product-type.tool";
		};
		2CA4C52B24EF94DA007803FD /* Test_StreamIO */ = {
			isa = PBXNativeTarget;
			buildConfigurationList = 2CA4C53024EF94DA007803FD /* Build configuration list for PBXNativeTarget "Test_StreamIO" */;
			buildPhases = (
				2CA4C52824EF94DA007803FD /* Sources */,
				2CA4C52924EF94DA007803FD /* Frameworks */,
				2CA4C52A24EF94DA007803FD /* CopyFiles */,
			);
			buildRules = (
			);
			dependencies = (
				2C18FFE82502570B00AC4F78 /* PBXTargetDependency */,
				2C18FFD5250256B200AC4F78 /* PBXTargetDependency */,
			);
			name = Test_StreamIO;
			productName = Test_StreamIO;
			productReference = 2CA4C52C24EF94DA007803FD /* Test_StreamIO */;
			productType = "com.apple.product-type.tool";
		};
		2CA4C53624EF94EA007803FD /* Test_TagIO */ = {
			isa = PBXNativeTarget;
			buildConfigurationList = 2CA4C53B24EF94EA007803FD /* Build configuration list for PBXNativeTarget "Test_TagIO" */;
			buildPhases = (
				2CA4C53324EF94EA007803FD /* Sources */,
				2CA4C53424EF94EA007803FD /* Frameworks */,
				2CA4C53524EF94EA007803FD /* CopyFiles */,
			);
			buildRules = (
			);
			dependencies = (
				2C18FFEB2502571700AC4F78 /* PBXTargetDependency */,
				2C18FFD8250256B800AC4F78 /* PBXTargetDependency */,
			);
			name = Test_TagIO;
			productName = Test_TagIO;
			productReference = 2CA4C53724EF94EA007803FD /* Test_TagIO */;
			productType = "com.apple.product-type.tool";
		};
		2CA4C54124EF94F9007803FD /* Test_TransformIO */ = {
			isa = PBXNativeTarget;
			buildConfigurationList = 2CA4C54624EF94F9007803FD /* Build configuration list for PBXNativeTarget "Test_TransformIO" */;
			buildPhases = (
				2CA4C53E24EF94F9007803FD /* Sources */,
				2CA4C53F24EF94F9007803FD /* Frameworks */,
				2CA4C54024EF94F9007803FD /* CopyFiles */,
			);
			buildRules = (
			);
			dependencies = (
				2C18FFEE2502572100AC4F78 /* PBXTargetDependency */,
				2C18FFDB250256BF00AC4F78 /* PBXTargetDependency */,
			);
			name = Test_TransformIO;
			productName = Test_TransformIO;
			productReference = 2CA4C54224EF94F9007803FD /* Test_TransformIO */;
			productType = "com.apple.product-type.tool";
		};
		2CA4C54C24EF9508007803FD /* Test_OVIA */ = {
			isa = PBXNativeTarget;
			buildConfigurationList = 2CA4C55124EF9508007803FD /* Build configuration list for PBXNativeTarget "Test_OVIA" */;
			buildPhases = (
				2CA4C54924EF9508007803FD /* Sources */,
				2CA4C54A24EF9508007803FD /* Frameworks */,
				2CA4C54B24EF9508007803FD /* CopyFiles */,
			);
			buildRules = (
			);
			dependencies = (
				2C18FFF12502572A00AC4F78 /* PBXTargetDependency */,
				2C18FFDE250256C600AC4F78 /* PBXTargetDependency */,
			);
			name = Test_OVIA;
			productName = Test_OVIA;
			productReference = 2CA4C54D24EF9508007803FD /* Test_OVIA */;
			productType = "com.apple.product-type.tool";
		};
/* End PBXNativeTarget section */

/* Begin PBXProject section */
		2C4D5F8724C3ACC700AAAB77 /* Project object */ = {
			isa = PBXProject;
			attributes = {
				LastUpgradeCheck = 1170;
				ORGANIZATIONNAME = "Marcus Johnson";
				TargetAttributes = {
					2C4D5F8E24C3ACC700AAAB77 = {
						CreatedOnToolsVersion = 11.6;
					};
					2CA4C51524EF94B3007803FD = {
						CreatedOnToolsVersion = 11.6;
					};
					2CA4C52024EF94C9007803FD = {
						CreatedOnToolsVersion = 11.6;
					};
					2CA4C52B24EF94DA007803FD = {
						CreatedOnToolsVersion = 11.6;
					};
					2CA4C53624EF94EA007803FD = {
						CreatedOnToolsVersion = 11.6;
					};
					2CA4C54124EF94F9007803FD = {
						CreatedOnToolsVersion = 11.6;
					};
					2CA4C54C24EF9508007803FD = {
						CreatedOnToolsVersion = 11.6;
					};
				};
			};
			buildConfigurationList = 2C4D5F8A24C3ACC700AAAB77 /* Build configuration list for PBXProject "OVIA" */;
			compatibilityVersion = "Xcode 9.3";
			developmentRegion = en;
			hasScannedForEncodings = 0;
			knownRegions = (
				en,
				Base,
			);
			mainGroup = 2C4D5F8624C3ACC700AAAB77;
			productRefGroup = 2C4D5F9024C3ACC700AAAB77 /* Products */;
			projectDirPath = "";
			projectReferences = (
				{
					ProductGroup = 2C4D5F9824C3ACEB00AAAB77 /* Products */;
					ProjectRef = 2C4D5F9724C3ACEB00AAAB77 /* FoundationIO.xcodeproj */;
				},
			);
			projectRoot = "";
			targets = (
				2C4D5F8E24C3ACC700AAAB77 /* OVIA */,
				2CA4C51524EF94B3007803FD /* Test_CodecIO */,
				2CA4C52024EF94C9007803FD /* Test_EntropyIO */,
				2CA4C52B24EF94DA007803FD /* Test_StreamIO */,
				2CA4C53624EF94EA007803FD /* Test_TagIO */,
				2CA4C54124EF94F9007803FD /* Test_TransformIO */,
				2CA4C54C24EF9508007803FD /* Test_OVIA */,
			);
		};
/* End PBXProject section */

/* Begin PBXReferenceProxy section */
		2C4D5FA424C3ACEB00AAAB77 /* FoundationIO.dylib */ = {
			isa = PBXReferenceProxy;
			fileType = "compiled.mach-o.dylib";
			path = FoundationIO.dylib;
			remoteRef = 2C4D5FA324C3ACEB00AAAB77 /* PBXContainerItemProxy */;
			sourceTree = BUILT_PRODUCTS_DIR;
		};
		2C4D5FA624C3ACEB00AAAB77 /* Test_BufferIO */ = {
			isa = PBXReferenceProxy;
			fileType = "compiled.mach-o.executable";
			path = Test_BufferIO;
			remoteRef = 2C4D5FA524C3ACEB00AAAB77 /* PBXContainerItemProxy */;
			sourceTree = BUILT_PRODUCTS_DIR;
		};
		2C4D5FA824C3ACEB00AAAB77 /* Test_CommandLineIO */ = {
			isa = PBXReferenceProxy;
			fileType = "compiled.mach-o.executable";
			path = Test_CommandLineIO;
			remoteRef = 2C4D5FA724C3ACEB00AAAB77 /* PBXContainerItemProxy */;
			sourceTree = BUILT_PRODUCTS_DIR;
		};
		2C4D5FAA24C3ACEB00AAAB77 /* Test_CryptographyIO */ = {
			isa = PBXReferenceProxy;
			fileType = "compiled.mach-o.executable";
			path = Test_CryptographyIO;
			remoteRef = 2C4D5FA924C3ACEB00AAAB77 /* PBXContainerItemProxy */;
			sourceTree = BUILT_PRODUCTS_DIR;
		};
		2C4D5FAC24C3ACEB00AAAB77 /* Test_MathIO */ = {
			isa = PBXReferenceProxy;
			fileType = "compiled.mach-o.executable";
			path = Test_MathIO;
			remoteRef = 2C4D5FAB24C3ACEB00AAAB77 /* PBXContainerItemProxy */;
			sourceTree = BUILT_PRODUCTS_DIR;
		};
		2C4D5FAE24C3ACEB00AAAB77 /* Test_StringIO */ = {
			isa = PBXReferenceProxy;
			fileType = "compiled.mach-o.executable";
			path = Test_StringIO;
			remoteRef = 2C4D5FAD24C3ACEB00AAAB77 /* PBXContainerItemProxy */;
			sourceTree = BUILT_PRODUCTS_DIR;
		};
		2C4D5FB024C3ACEB00AAAB77 /* Test_FileIO */ = {
			isa = PBXReferenceProxy;
			fileType = "compiled.mach-o.executable";
			path = Test_FileIO;
			remoteRef = 2C4D5FAF24C3ACEB00AAAB77 /* PBXContainerItemProxy */;
			sourceTree = BUILT_PRODUCTS_DIR;
		};
		2C4D5FB224C3ACEB00AAAB77 /* Test_NetworkIO */ = {
			isa = PBXReferenceProxy;
			fileType = "compiled.mach-o.executable";
			path = Test_NetworkIO;
			remoteRef = 2C4D5FB124C3ACEB00AAAB77 /* PBXContainerItemProxy */;
			sourceTree = BUILT_PRODUCTS_DIR;
		};
		2C4D5FB424C3ACEB00AAAB77 /* Test_FormatIO */ = {
			isa = PBXReferenceProxy;
			fileType = "compiled.mach-o.executable";
			path = Test_FormatIO;
			remoteRef = 2C4D5FB324C3ACEB00AAAB77 /* PBXContainerItemProxy */;
			sourceTree = BUILT_PRODUCTS_DIR;
		};
		2CA4C50B24EF9482007803FD /* Test_LocalizationIO */ = {
			isa = PBXReferenceProxy;
			fileType = "compiled.mach-o.executable";
			path = Test_LocalizationIO;
			remoteRef = 2CA4C50A24EF9482007803FD /* PBXContainerItemProxy */;
			sourceTree = BUILT_PRODUCTS_DIR;
		};
/* End PBXReferenceProxy section */

/* Begin PBXSourcesBuildPhase section */
		2C4D5F8C24C3ACC700AAAB77 /* Sources */ = {
			isa = PBXSourcesBuildPhase;
			buildActionMask = 2147483647;
			files = (
				2C4D600624C3AEB400AAAB77 /* YCoCgR.c in Sources */,
				2C18FFC625023A4100AC4F78 /* PNGDecode.c in Sources */,
				2C57A97E24E61FDD00C9A2FB /* AIFTags.c in Sources */,
				2C57A98A24E6200800C9A2FB /* PNMStream.c in Sources */,
				2C18FFC825023A4500AC4F78 /* PNGEncode.c in Sources */,
				2C14B0D0250543E700D7F120 /* JPEGEncode.c in Sources */,
				2C57A99A24E6204800C9A2FB /* PCMCodec.c in Sources */,
				2C57A99124E6202200C9A2FB /* EntropyIO.c in Sources */,
				2C57A99824E6204800C9A2FB /* FLACCodec.c in Sources */,
				2C4D600924C3AECA00AAAB77 /* OVIA.c in Sources */,
				2C57A98F24E6202200C9A2FB /* ArthimeticEntropy.c in Sources */,
				2C57A99224E6202200C9A2FB /* FlateEntropy.c in Sources */,
				2C57A97C24E61FDD00C9A2FB /* ID3Tags.c in Sources */,
				2C57A98624E6200800C9A2FB /* BMPStream.c in Sources */,
				2C57A98724E6200800C9A2FB /* RIFFStream.c in Sources */,
				2C4D600A24C3AECA00AAAB77 /* MediaIO.c in Sources */,
				2C14B0CF250543E700D7F120 /* JPEGDecode.c in Sources */,
				2C57A98924E6200800C9A2FB /* AIFStream.c in Sources */,
				2C57A97F24E61FDD00C9A2FB /* APETags.c in Sources */,
				2C14B0F625062D6C00D7F120 /* FLACEncode.c in Sources */,
				2C18FFCA25023BEB00AC4F78 /* PNGCodec.c in Sources */,
				2C14B0F825062DE100D7F120 /* FLACDecode.c in Sources */,
				2C57A98824E6200800C9A2FB /* W64Stream.c in Sources */,
				2C4D600524C3AEB300AAAB77 /* RCT.c in Sources */,
				2C57A99924E6204800C9A2FB /* JPEGCodec.c in Sources */,
				2C4D5FFF24C3AEA200AAAB77 /* TagIO.c in Sources */,
				2C57A99024E6202200C9A2FB /* HuffmanEntropy.c in Sources */,
			);
			runOnlyForDeploymentPostprocessing = 0;
		};
		2CA4C51224EF94B3007803FD /* Sources */ = {
			isa = PBXSourcesBuildPhase;
			buildActionMask = 2147483647;
			files = (
				2C14B0F42506127F00D7F120 /* Test_JPEGDecode.c in Sources */,
			);
			runOnlyForDeploymentPostprocessing = 0;
		};
		2CA4C51D24EF94C9007803FD /* Sources */ = {
			isa = PBXSourcesBuildPhase;
			buildActionMask = 2147483647;
			files = (
				2CA4C55524EF9529007803FD /* Test_EntropyIO.c in Sources */,
			);
			runOnlyForDeploymentPostprocessing = 0;
		};
		2CA4C52824EF94DA007803FD /* Sources */ = {
			isa = PBXSourcesBuildPhase;
			buildActionMask = 2147483647;
			files = (
				2CA4C55924EF9538007803FD /* Test_StreamIO.c in Sources */,
			);
			runOnlyForDeploymentPostprocessing = 0;
		};
		2CA4C53324EF94EA007803FD /* Sources */ = {
			isa = PBXSourcesBuildPhase;
			buildActionMask = 2147483647;
			files = (
				2CA4C55824EF9535007803FD /* Test_TagIO.c in Sources */,
			);
			runOnlyForDeploymentPostprocessing = 0;
		};
		2CA4C53E24EF94F9007803FD /* Sources */ = {
			isa = PBXSourcesBuildPhase;
			buildActionMask = 2147483647;
			files = (
				2CA4C55724EF9532007803FD /* Test_TransformIO.c in Sources */,
			);
			runOnlyForDeploymentPostprocessing = 0;
		};
		2CA4C54924EF9508007803FD /* Sources */ = {
			isa = PBXSourcesBuildPhase;
			buildActionMask = 2147483647;
			files = (
				2CA4C55624EF952F007803FD /* Test_OVIA.c in Sources */,
			);
			runOnlyForDeploymentPostprocessing = 0;
		};
/* End PBXSourcesBuildPhase section */

/* Begin PBXTargetDependency section */
		2C18FFCE2502569F00AC4F78 /* PBXTargetDependency */ = {
			isa = PBXTargetDependency;
			target = 2C4D5F8E24C3ACC700AAAB77 /* OVIA */;
			targetProxy = 2C18FFCD2502569F00AC4F78 /* PBXContainerItemProxy */;
		};
		2C18FFD2250256AA00AC4F78 /* PBXTargetDependency */ = {
			isa = PBXTargetDependency;
			target = 2C4D5F8E24C3ACC700AAAB77 /* OVIA */;
			targetProxy = 2C18FFD1250256AA00AC4F78 /* PBXContainerItemProxy */;
		};
		2C18FFD5250256B200AC4F78 /* PBXTargetDependency */ = {
			isa = PBXTargetDependency;
			target = 2C4D5F8E24C3ACC700AAAB77 /* OVIA */;
			targetProxy = 2C18FFD4250256B200AC4F78 /* PBXContainerItemProxy */;
		};
		2C18FFD8250256B800AC4F78 /* PBXTargetDependency */ = {
			isa = PBXTargetDependency;
			target = 2C4D5F8E24C3ACC700AAAB77 /* OVIA */;
			targetProxy = 2C18FFD7250256B800AC4F78 /* PBXContainerItemProxy */;
		};
		2C18FFDB250256BF00AC4F78 /* PBXTargetDependency */ = {
			isa = PBXTargetDependency;
			target = 2C4D5F8E24C3ACC700AAAB77 /* OVIA */;
			targetProxy = 2C18FFDA250256BF00AC4F78 /* PBXContainerItemProxy */;
		};
		2C18FFDE250256C600AC4F78 /* PBXTargetDependency */ = {
			isa = PBXTargetDependency;
			target = 2C4D5F8E24C3ACC700AAAB77 /* OVIA */;
			targetProxy = 2C18FFDD250256C600AC4F78 /* PBXContainerItemProxy */;
		};
		2C18FFE1250256F300AC4F78 /* PBXTargetDependency */ = {
			isa = PBXTargetDependency;
			name = FoundationIO;
			targetProxy = 2C18FFE0250256F300AC4F78 /* PBXContainerItemProxy */;
		};
		2C18FFE52502570100AC4F78 /* PBXTargetDependency */ = {
			isa = PBXTargetDependency;
			name = FoundationIO;
			targetProxy = 2C18FFE42502570100AC4F78 /* PBXContainerItemProxy */;
		};
		2C18FFE82502570B00AC4F78 /* PBXTargetDependency */ = {
			isa = PBXTargetDependency;
			name = FoundationIO;
			targetProxy = 2C18FFE72502570B00AC4F78 /* PBXContainerItemProxy */;
		};
		2C18FFEB2502571700AC4F78 /* PBXTargetDependency */ = {
			isa = PBXTargetDependency;
			name = FoundationIO;
			targetProxy = 2C18FFEA2502571700AC4F78 /* PBXContainerItemProxy */;
		};
		2C18FFEE2502572100AC4F78 /* PBXTargetDependency */ = {
			isa = PBXTargetDependency;
			name = FoundationIO;
			targetProxy = 2C18FFED2502572100AC4F78 /* PBXContainerItemProxy */;
		};
		2C18FFF12502572A00AC4F78 /* PBXTargetDependency */ = {
			isa = PBXTargetDependency;
			name = FoundationIO;
			targetProxy = 2C18FFF02502572A00AC4F78 /* PBXContainerItemProxy */;
		};
		2C4D5FB624C3ACFA00AAAB77 /* PBXTargetDependency */ = {
			isa = PBXTargetDependency;
			name = FoundationIO;
			targetProxy = 2C4D5FB524C3ACFA00AAAB77 /* PBXContainerItemProxy */;
		};
/* End PBXTargetDependency section */

/* Begin XCBuildConfiguration section */
		2C4D5F9124C3ACC700AAAB77 /* Debug */ = {
			isa = XCBuildConfiguration;
			buildSettings = {
				ALWAYS_SEARCH_USER_PATHS = NO;
				CLANG_ANALYZER_NONNULL = YES;
				CLANG_ANALYZER_NUMBER_OBJECT_CONVERSION = YES_AGGRESSIVE;
				CLANG_CXX_LANGUAGE_STANDARD = "c++17";
				CLANG_CXX_LIBRARY = "libc++";
				CLANG_ENABLE_MODULES = YES;
				CLANG_ENABLE_OBJC_ARC = YES;
				CLANG_ENABLE_OBJC_WEAK = YES;
				CLANG_WARN_BLOCK_CAPTURE_AUTORELEASING = YES;
				CLANG_WARN_BOOL_CONVERSION = YES;
				CLANG_WARN_COMMA = YES;
				CLANG_WARN_CONSTANT_CONVERSION = YES;
				CLANG_WARN_DEPRECATED_OBJC_IMPLEMENTATIONS = YES;
				CLANG_WARN_DIRECT_OBJC_ISA_USAGE = YES_ERROR;
				CLANG_WARN_DOCUMENTATION_COMMENTS = YES;
				CLANG_WARN_EMPTY_BODY = YES;
				CLANG_WARN_ENUM_CONVERSION = YES;
				CLANG_WARN_INFINITE_RECURSION = YES;
				CLANG_WARN_INT_CONVERSION = YES;
				CLANG_WARN_NON_LITERAL_NULL_CONVERSION = YES;
				CLANG_WARN_OBJC_IMPLICIT_RETAIN_SELF = YES;
				CLANG_WARN_OBJC_LITERAL_CONVERSION = YES;
				CLANG_WARN_OBJC_ROOT_CLASS = YES_ERROR;
				CLANG_WARN_RANGE_LOOP_ANALYSIS = YES;
				CLANG_WARN_STRICT_PROTOTYPES = YES;
				CLANG_WARN_SUSPICIOUS_MOVE = YES;
				CLANG_WARN_UNGUARDED_AVAILABILITY = YES_AGGRESSIVE;
				CLANG_WARN_UNREACHABLE_CODE = YES;
				CLANG_WARN__DUPLICATE_METHOD_MATCH = YES;
				COPY_PHASE_STRIP = NO;
				DEAD_CODE_STRIPPING = YES;
				DEBUG_INFORMATION_FORMAT = dwarf;
				ENABLE_STRICT_OBJC_MSGSEND = YES;
				ENABLE_TESTABILITY = YES;
				GCC_C_LANGUAGE_STANDARD = c18;
				GCC_DYNAMIC_NO_PIC = NO;
				GCC_NO_COMMON_BLOCKS = YES;
				GCC_OPTIMIZATION_LEVEL = 0;
				GCC_PREPROCESSOR_DEFINITIONS = (
					"DEBUG=1",
					"$(inherited)",
				);
				GCC_WARN_64_TO_32_BIT_CONVERSION = YES;
				GCC_WARN_ABOUT_RETURN_TYPE = YES_ERROR;
				GCC_WARN_UNDECLARED_SELECTOR = YES;
				GCC_WARN_UNINITIALIZED_AUTOS = YES_AGGRESSIVE;
				GCC_WARN_UNUSED_FUNCTION = YES;
				GCC_WARN_UNUSED_VARIABLE = YES;
				LLVM_LTO = YES;
				MACOSX_DEPLOYMENT_TARGET = 10.15;
				MTL_ENABLE_DEBUG_INFO = INCLUDE_SOURCE;
				MTL_FAST_MATH = YES;
				ONLY_ACTIVE_ARCH = YES;
				OTHER_CFLAGS = (
					"-fdata-sections",
					"-ffunction-sections",
					"-fno-omit-frame-pointer",
					"-fsanitize-address-use-after-scope",
					"-fsanitize-address-use-odr-indicator",
					"-fsanitize-cfi-cross-dso",
					"-fsanitize-memory-track-origins=2",
					"-fno-common",
					"-ggdb",
					"-Wno-unused-command-line-argument",
					"-g",
					"-fsanitize-recover=address",
					"-Wenum-conversion",
					"-Wno-assign-enum",
				);
				SDKROOT = macosx;
			};
			name = Debug;
		};
		2C4D5F9224C3ACC700AAAB77 /* Release */ = {
			isa = XCBuildConfiguration;
			buildSettings = {
				ALWAYS_SEARCH_USER_PATHS = NO;
				CLANG_ANALYZER_NONNULL = YES;
				CLANG_ANALYZER_NUMBER_OBJECT_CONVERSION = YES_AGGRESSIVE;
				CLANG_CXX_LANGUAGE_STANDARD = "c++17";
				CLANG_CXX_LIBRARY = "libc++";
				CLANG_ENABLE_MODULES = YES;
				CLANG_ENABLE_OBJC_ARC = YES;
				CLANG_ENABLE_OBJC_WEAK = YES;
				CLANG_WARN_BLOCK_CAPTURE_AUTORELEASING = YES;
				CLANG_WARN_BOOL_CONVERSION = YES;
				CLANG_WARN_COMMA = YES;
				CLANG_WARN_CONSTANT_CONVERSION = YES;
				CLANG_WARN_DEPRECATED_OBJC_IMPLEMENTATIONS = YES;
				CLANG_WARN_DIRECT_OBJC_ISA_USAGE = YES_ERROR;
				CLANG_WARN_DOCUMENTATION_COMMENTS = YES;
				CLANG_WARN_EMPTY_BODY = YES;
				CLANG_WARN_ENUM_CONVERSION = YES;
				CLANG_WARN_INFINITE_RECURSION = YES;
				CLANG_WARN_INT_CONVERSION = YES;
				CLANG_WARN_NON_LITERAL_NULL_CONVERSION = YES;
				CLANG_WARN_OBJC_IMPLICIT_RETAIN_SELF = YES;
				CLANG_WARN_OBJC_LITERAL_CONVERSION = YES;
				CLANG_WARN_OBJC_ROOT_CLASS = YES_ERROR;
				CLANG_WARN_RANGE_LOOP_ANALYSIS = YES;
				CLANG_WARN_STRICT_PROTOTYPES = YES;
				CLANG_WARN_SUSPICIOUS_MOVE = YES;
				CLANG_WARN_UNGUARDED_AVAILABILITY = YES_AGGRESSIVE;
				CLANG_WARN_UNREACHABLE_CODE = YES;
				CLANG_WARN__DUPLICATE_METHOD_MATCH = YES;
				COPY_PHASE_STRIP = NO;
				DEAD_CODE_STRIPPING = YES;
				DEBUG_INFORMATION_FORMAT = "dwarf-with-dsym";
				ENABLE_NS_ASSERTIONS = NO;
				ENABLE_STRICT_OBJC_MSGSEND = YES;
				GCC_C_LANGUAGE_STANDARD = c18;
				GCC_NO_COMMON_BLOCKS = YES;
				GCC_OPTIMIZATION_LEVEL = z;
				GCC_WARN_64_TO_32_BIT_CONVERSION = YES;
				GCC_WARN_ABOUT_RETURN_TYPE = YES_ERROR;
				GCC_WARN_UNDECLARED_SELECTOR = YES;
				GCC_WARN_UNINITIALIZED_AUTOS = YES_AGGRESSIVE;
				GCC_WARN_UNUSED_FUNCTION = YES;
				GCC_WARN_UNUSED_VARIABLE = YES;
				LLVM_LTO = YES;
				MACOSX_DEPLOYMENT_TARGET = 10.15;
				MTL_ENABLE_DEBUG_INFO = NO;
				MTL_FAST_MATH = YES;
				OTHER_CFLAGS = (
					"-fno-common",
					"-Wenum-conversion",
					"-Wno-assign-enum",
				);
				SDKROOT = macosx;
			};
			name = Release;
		};
		2C4D5F9424C3ACC700AAAB77 /* Debug */ = {
			isa = XCBuildConfiguration;
			buildSettings = {
				CODE_SIGN_STYLE = Automatic;
				DEVELOPMENT_TEAM = 628J9L7WK5;
				DYLIB_COMPATIBILITY_VERSION = 1;
				DYLIB_CURRENT_VERSION = 1;
				EXECUTABLE_PREFIX = "";
				LLVM_LTO = YES;
				PRODUCT_NAME = "$(TARGET_NAME)";
				SKIP_INSTALL = YES;
			};
			name = Debug;
		};
		2C4D5F9524C3ACC700AAAB77 /* Release */ = {
			isa = XCBuildConfiguration;
			buildSettings = {
				CODE_SIGN_STYLE = Automatic;
				DEVELOPMENT_TEAM = 628J9L7WK5;
				DYLIB_COMPATIBILITY_VERSION = 1;
				DYLIB_CURRENT_VERSION = 1;
				EXECUTABLE_PREFIX = "";
				LLVM_LTO = YES;
				OTHER_CFLAGS = (
					"-fshort-enums",
					"-Weverything",
					"-Wall",
					"-Wextra",
					"-Wpedantic",
					"-Wno-assign-enum",
					"-Wno-c99-compat",
					"-Wno-ignored-attributes",
					"-Wno-padded",
					"-Wno-pointer-sign",
					"-Wno-reserved-id-macro",
					"-Wno-sign-conversion",
					"-Wsuggest-attribute=const",
					"-Wsuggest-attribute=pure",
					"-Wsuggest-attribute=malloc",
					"-Wsuggest-attribute=noreturn",
					"-Wsuggest-attribute=format",
					"-Wmissing-format-attribute",
					"-Wmissing-noreturn",
					"-Wenum-conversion",
					"-v",
				);
				PRODUCT_NAME = "$(TARGET_NAME)";
				SKIP_INSTALL = YES;
			};
			name = Release;
		};
		2CA4C51B24EF94B3007803FD /* Debug */ = {
			isa = XCBuildConfiguration;
			buildSettings = {
				CLANG_CXX_LANGUAGE_STANDARD = "gnu++14";
				CODE_SIGN_IDENTITY = "-";
				CODE_SIGN_STYLE = Automatic;
				DEVELOPMENT_TEAM = 628J9L7WK5;
				ENABLE_HARDENED_RUNTIME = YES;
				GCC_C_LANGUAGE_STANDARD = gnu11;
				PRODUCT_NAME = "$(TARGET_NAME)";
			};
			name = Debug;
		};
		2CA4C51C24EF94B3007803FD /* Release */ = {
			isa = XCBuildConfiguration;
			buildSettings = {
				CLANG_CXX_LANGUAGE_STANDARD = "gnu++14";
				CODE_SIGN_IDENTITY = "-";
				CODE_SIGN_STYLE = Automatic;
				DEVELOPMENT_TEAM = 628J9L7WK5;
				ENABLE_HARDENED_RUNTIME = YES;
				GCC_C_LANGUAGE_STANDARD = gnu11;
				PRODUCT_NAME = "$(TARGET_NAME)";
			};
			name = Release;
		};
		2CA4C52624EF94C9007803FD /* Debug */ = {
			isa = XCBuildConfiguration;
			buildSettings = {
				CLANG_CXX_LANGUAGE_STANDARD = "gnu++14";
				CODE_SIGN_IDENTITY = "-";
				CODE_SIGN_STYLE = Automatic;
				DEVELOPMENT_TEAM = 628J9L7WK5;
				ENABLE_HARDENED_RUNTIME = YES;
				GCC_C_LANGUAGE_STANDARD = gnu11;
				PRODUCT_NAME = "$(TARGET_NAME)";
			};
			name = Debug;
		};
		2CA4C52724EF94C9007803FD /* Release */ = {
			isa = XCBuildConfiguration;
			buildSettings = {
				CLANG_CXX_LANGUAGE_STANDARD = "gnu++14";
				CODE_SIGN_IDENTITY = "-";
				CODE_SIGN_STYLE = Automatic;
				DEVELOPMENT_TEAM = 628J9L7WK5;
				ENABLE_HARDENED_RUNTIME = YES;
				GCC_C_LANGUAGE_STANDARD = gnu11;
				PRODUCT_NAME = "$(TARGET_NAME)";
			};
			name = Release;
		};
		2CA4C53124EF94DA007803FD /* Debug */ = {
			isa = XCBuildConfiguration;
			buildSettings = {
				CLANG_CXX_LANGUAGE_STANDARD = "gnu++14";
				CODE_SIGN_IDENTITY = "-";
				CODE_SIGN_STYLE = Automatic;
				DEVELOPMENT_TEAM = 628J9L7WK5;
				ENABLE_HARDENED_RUNTIME = YES;
				GCC_C_LANGUAGE_STANDARD = gnu11;
				PRODUCT_NAME = "$(TARGET_NAME)";
			};
			name = Debug;
		};
		2CA4C53224EF94DA007803FD /* Release */ = {
			isa = XCBuildConfiguration;
			buildSettings = {
				CLANG_CXX_LANGUAGE_STANDARD = "gnu++14";
				CODE_SIGN_IDENTITY = "-";
				CODE_SIGN_STYLE = Automatic;
				DEVELOPMENT_TEAM = 628J9L7WK5;
				ENABLE_HARDENED_RUNTIME = YES;
				GCC_C_LANGUAGE_STANDARD = gnu11;
				PRODUCT_NAME = "$(TARGET_NAME)";
			};
			name = Release;
		};
		2CA4C53C24EF94EA007803FD /* Debug */ = {
			isa = XCBuildConfiguration;
			buildSettings = {
				CLANG_CXX_LANGUAGE_STANDARD = "gnu++14";
				CODE_SIGN_IDENTITY = "-";
				CODE_SIGN_STYLE = Automatic;
				DEVELOPMENT_TEAM = 628J9L7WK5;
				ENABLE_HARDENED_RUNTIME = YES;
				GCC_C_LANGUAGE_STANDARD = gnu11;
				PRODUCT_NAME = "$(TARGET_NAME)";
			};
			name = Debug;
		};
		2CA4C53D24EF94EA007803FD /* Release */ = {
			isa = XCBuildConfiguration;
			buildSettings = {
				CLANG_CXX_LANGUAGE_STANDARD = "gnu++14";
				CODE_SIGN_IDENTITY = "-";
				CODE_SIGN_STYLE = Automatic;
				DEVELOPMENT_TEAM = 628J9L7WK5;
				ENABLE_HARDENED_RUNTIME = YES;
				GCC_C_LANGUAGE_STANDARD = gnu11;
				PRODUCT_NAME = "$(TARGET_NAME)";
			};
			name = Release;
		};
		2CA4C54724EF94F9007803FD /* Debug */ = {
			isa = XCBuildConfiguration;
			buildSettings = {
				CLANG_CXX_LANGUAGE_STANDARD = "gnu++14";
				CODE_SIGN_IDENTITY = "-";
				CODE_SIGN_STYLE = Automatic;
				DEVELOPMENT_TEAM = 628J9L7WK5;
				ENABLE_HARDENED_RUNTIME = YES;
				GCC_C_LANGUAGE_STANDARD = gnu11;
				PRODUCT_NAME = "$(TARGET_NAME)";
			};
			name = Debug;
		};
		2CA4C54824EF94F9007803FD /* Release */ = {
			isa = XCBuildConfiguration;
			buildSettings = {
				CLANG_CXX_LANGUAGE_STANDARD = "gnu++14";
				CODE_SIGN_IDENTITY = "-";
				CODE_SIGN_STYLE = Automatic;
				DEVELOPMENT_TEAM = 628J9L7WK5;
				ENABLE_HARDENED_RUNTIME = YES;
				GCC_C_LANGUAGE_STANDARD = gnu11;
				PRODUCT_NAME = "$(TARGET_NAME)";
			};
			name = Release;
		};
		2CA4C55224EF9508007803FD /* Debug */ = {
			isa = XCBuildConfiguration;
			buildSettings = {
				CLANG_CXX_LANGUAGE_STANDARD = "gnu++14";
				CODE_SIGN_IDENTITY = "-";
				CODE_SIGN_STYLE = Automatic;
				DEVELOPMENT_TEAM = 628J9L7WK5;
				ENABLE_HARDENED_RUNTIME = YES;
				GCC_C_LANGUAGE_STANDARD = gnu11;
				PRODUCT_NAME = "$(TARGET_NAME)";
			};
			name = Debug;
		};
		2CA4C55324EF9508007803FD /* Release */ = {
			isa = XCBuildConfiguration;
			buildSettings = {
				CLANG_CXX_LANGUAGE_STANDARD = "gnu++14";
				CODE_SIGN_IDENTITY = "-";
				CODE_SIGN_STYLE = Automatic;
				DEVELOPMENT_TEAM = 628J9L7WK5;
				ENABLE_HARDENED_RUNTIME = YES;
				GCC_C_LANGUAGE_STANDARD = gnu11;
				PRODUCT_NAME = "$(TARGET_NAME)";
			};
			name = Release;
		};
/* End XCBuildConfiguration section */

/* Begin XCConfigurationList section */
		2C4D5F8A24C3ACC700AAAB77 /* Build configuration list for PBXProject "OVIA" */ = {
			isa = XCConfigurationList;
			buildConfigurations = (
				2C4D5F9124C3ACC700AAAB77 /* Debug */,
				2C4D5F9224C3ACC700AAAB77 /* Release */,
			);
			defaultConfigurationIsVisible = 0;
			defaultConfigurationName = Release;
		};
		2C4D5F9324C3ACC700AAAB77 /* Build configuration list for PBXNativeTarget "OVIA" */ = {
			isa = XCConfigurationList;
			buildConfigurations = (
				2C4D5F9424C3ACC700AAAB77 /* Debug */,
				2C4D5F9524C3ACC700AAAB77 /* Release */,
			);
			defaultConfigurationIsVisible = 0;
			defaultConfigurationName = Release;
		};
		2CA4C51A24EF94B3007803FD /* Build configuration list for PBXNativeTarget "Test_CodecIO" */ = {
			isa = XCConfigurationList;
			buildConfigurations = (
				2CA4C51B24EF94B3007803FD /* Debug */,
				2CA4C51C24EF94B3007803FD /* Release */,
			);
			defaultConfigurationIsVisible = 0;
			defaultConfigurationName = Release;
		};
		2CA4C52524EF94C9007803FD /* Build configuration list for PBXNativeTarget "Test_EntropyIO" */ = {
			isa = XCConfigurationList;
			buildConfigurations = (
				2CA4C52624EF94C9007803FD /* Debug */,
				2CA4C52724EF94C9007803FD /* Release */,
			);
			defaultConfigurationIsVisible = 0;
			defaultConfigurationName = Release;
		};
		2CA4C53024EF94DA007803FD /* Build configuration list for PBXNativeTarget "Test_StreamIO" */ = {
			isa = XCConfigurationList;
			buildConfigurations = (
				2CA4C53124EF94DA007803FD /* Debug */,
				2CA4C53224EF94DA007803FD /* Release */,
			);
			defaultConfigurationIsVisible = 0;
			defaultConfigurationName = Release;
		};
		2CA4C53B24EF94EA007803FD /* Build configuration list for PBXNativeTarget "Test_TagIO" */ = {
			isa = XCConfigurationList;
			buildConfigurations = (
				2CA4C53C24EF94EA007803FD /* Debug */,
				2CA4C53D24EF94EA007803FD /* Release */,
			);
			defaultConfigurationIsVisible = 0;
			defaultConfigurationName = Release;
		};
		2CA4C54624EF94F9007803FD /* Build configuration list for PBXNativeTarget "Test_TransformIO" */ = {
			isa = XCConfigurationList;
			buildConfigurations = (
				2CA4C54724EF94F9007803FD /* Debug */,
				2CA4C54824EF94F9007803FD /* Release */,
			);
			defaultConfigurationIsVisible = 0;
			defaultConfigurationName = Release;
		};
		2CA4C55124EF9508007803FD /* Build configuration list for PBXNativeTarget "Test_OVIA" */ = {
			isa = XCConfigurationList;
			buildConfigurations = (
				2CA4C55224EF9508007803FD /* Debug */,
				2CA4C55324EF9508007803FD /* Release */,
			);
			defaultConfigurationIsVisible = 0;
			defaultConfigurationName = Release;
		};
/* End XCConfigurationList section */
	};
	rootObject = 2C4D5F8724C3ACC700AAAB77 /* Project object */;
}
